// !$*UTF8*$!
{
	archiveVersion = 1;
	classes = {
	};
	objectVersion = 56;
	objects = {

/* Begin PBXBuildFile section */
		81C511C92A84DCCA00AB3BBD /* AppDelegate.swift in Sources */ = {isa = PBXBuildFile; fileRef = 81C511C82A84DCCA00AB3BBD /* AppDelegate.swift */; };
		81C511CB2A84DCCA00AB3BBD /* SceneDelegate.swift in Sources */ = {isa = PBXBuildFile; fileRef = 81C511CA2A84DCCA00AB3BBD /* SceneDelegate.swift */; };
		81C511CD2A84DCCA00AB3BBD /* MainViewController.swift in Sources */ = {isa = PBXBuildFile; fileRef = 81C511CC2A84DCCA00AB3BBD /* MainViewController.swift */; };
		81C511D22A84DCCB00AB3BBD /* Assets.xcassets in Resources */ = {isa = PBXBuildFile; fileRef = 81C511D12A84DCCB00AB3BBD /* Assets.xcassets */; };
		81C511D52A84DCCB00AB3BBD /* LaunchScreen.storyboard in Resources */ = {isa = PBXBuildFile; fileRef = 81C511D32A84DCCB00AB3BBD /* LaunchScreen.storyboard */; };
		81C511E22A84E9E000AB3BBD /* MainViewModel.swift in Sources */ = {isa = PBXBuildFile; fileRef = 81C511E12A84E9E000AB3BBD /* MainViewModel.swift */; };
		81C511E42A84FA5200AB3BBD /* PlayersModel.swift in Sources */ = {isa = PBXBuildFile; fileRef = 81C511E32A84FA5200AB3BBD /* PlayersModel.swift */; };
		81C511E72A85093E00AB3BBD /* PlayersJSON.json in Resources */ = {isa = PBXBuildFile; fileRef = 81C511E62A85093E00AB3BBD /* PlayersJSON.json */; };
		81C511EA2A850B8A00AB3BBD /* NetworkService.swift in Sources */ = {isa = PBXBuildFile; fileRef = 81C511E92A850B8A00AB3BBD /* NetworkService.swift */; };
		81C511EC2A850F7D00AB3BBD /* PlayersModelResponse.swift in Sources */ = {isa = PBXBuildFile; fileRef = 81C511EB2A850F7D00AB3BBD /* PlayersModelResponse.swift */; };
		81C511EF2A8517BB00AB3BBD /* CellForTable.swift in Sources */ = {isa = PBXBuildFile; fileRef = 81C511EE2A8517BB00AB3BBD /* CellForTable.swift */; };
		81C511F22A85945200AB3BBD /* ViewForSectionTable.swift in Sources */ = {isa = PBXBuildFile; fileRef = 81C511F12A85945200AB3BBD /* ViewForSectionTable.swift */; };
/* End PBXBuildFile section */

/* Begin PBXFileReference section */
		81C511C52A84DCCA00AB3BBD /* Test task from LINGUALEO.app */ = {isa = PBXFileReference; explicitFileType = wrapper.application; includeInIndex = 0; path = "Test task from LINGUALEO.app"; sourceTree = BUILT_PRODUCTS_DIR; };
		81C511C82A84DCCA00AB3BBD /* AppDelegate.swift */ = {isa = PBXFileReference; lastKnownFileType = sourcecode.swift; path = AppDelegate.swift; sourceTree = "<group>"; };
		81C511CA2A84DCCA00AB3BBD /* SceneDelegate.swift */ = {isa = PBXFileReference; lastKnownFileType = sourcecode.swift; path = SceneDelegate.swift; sourceTree = "<group>"; };
		81C511CC2A84DCCA00AB3BBD /* MainViewController.swift */ = {isa = PBXFileReference; lastKnownFileType = sourcecode.swift; path = MainViewController.swift; sourceTree = "<group>"; };
		81C511D12A84DCCB00AB3BBD /* Assets.xcassets */ = {isa = PBXFileReference; lastKnownFileType = folder.assetcatalog; path = Assets.xcassets; sourceTree = "<group>"; };
		81C511D42A84DCCB00AB3BBD /* Base */ = {isa = PBXFileReference; lastKnownFileType = file.storyboard; name = Base; path = Base.lproj/LaunchScreen.storyboard; sourceTree = "<group>"; };
		81C511D62A84DCCB00AB3BBD /* Info.plist */ = {isa = PBXFileReference; lastKnownFileType = text.plist.xml; path = Info.plist; sourceTree = "<group>"; };
		81C511E12A84E9E000AB3BBD /* MainViewModel.swift */ = {isa = PBXFileReference; lastKnownFileType = sourcecode.swift; path = MainViewModel.swift; sourceTree = "<group>"; };
		81C511E32A84FA5200AB3BBD /* PlayersModel.swift */ = {isa = PBXFileReference; lastKnownFileType = sourcecode.swift; path = PlayersModel.swift; sourceTree = "<group>"; };
		81C511E62A85093E00AB3BBD /* PlayersJSON.json */ = {isa = PBXFileReference; fileEncoding = 4; lastKnownFileType = text.json; path = PlayersJSON.json; sourceTree = "<group>"; };
		81C511E92A850B8A00AB3BBD /* NetworkService.swift */ = {isa = PBXFileReference; lastKnownFileType = sourcecode.swift; path = NetworkService.swift; sourceTree = "<group>"; };
		81C511EB2A850F7D00AB3BBD /* PlayersModelResponse.swift */ = {isa = PBXFileReference; lastKnownFileType = sourcecode.swift; path = PlayersModelResponse.swift; sourceTree = "<group>"; };
		81C511EE2A8517BB00AB3BBD /* CellForTable.swift */ = {isa = PBXFileReference; lastKnownFileType = sourcecode.swift; path = CellForTable.swift; sourceTree = "<group>"; };
		81C511F12A85945200AB3BBD /* ViewForSectionTable.swift */ = {isa = PBXFileReference; lastKnownFileType = sourcecode.swift; path = ViewForSectionTable.swift; sourceTree = "<group>"; };
/* End PBXFileReference section */

/* Begin PBXFrameworksBuildPhase section */
		81C511C22A84DCCA00AB3BBD /* Frameworks */ = {
			isa = PBXFrameworksBuildPhase;
			buildActionMask = 2147483647;
			files = (
			);
			runOnlyForDeploymentPostprocessing = 0;
		};
/* End PBXFrameworksBuildPhase section */

/* Begin PBXGroup section */
		81C511BC2A84DCCA00AB3BBD = {
			isa = PBXGroup;
			children = (
				81C511C72A84DCCA00AB3BBD /* Test task from LINGUALEO */,
				81C511C62A84DCCA00AB3BBD /* Products */,
			);
			sourceTree = "<group>";
		};
		81C511C62A84DCCA00AB3BBD /* Products */ = {
			isa = PBXGroup;
			children = (
				81C511C52A84DCCA00AB3BBD /* Test task from LINGUALEO.app */,
			);
			name = Products;
			sourceTree = "<group>";
		};
		81C511C72A84DCCA00AB3BBD /* Test task from LINGUALEO */ = {
			isa = PBXGroup;
			children = (
				81C511DD2A84DF2200AB3BBD /* App */,
				81C511DC2A84DF1100AB3BBD /* MainScen */,
				81C511E82A850B7900AB3BBD /* NetworkService */,
				81C511E52A85075900AB3BBD /* Resources */,
				81C511D12A84DCCB00AB3BBD /* Assets.xcassets */,
				81C511D32A84DCCB00AB3BBD /* LaunchScreen.storyboard */,
				81C511D62A84DCCB00AB3BBD /* Info.plist */,
			);
			path = "Test task from LINGUALEO";
			sourceTree = "<group>";
		};
		81C511DC2A84DF1100AB3BBD /* MainScen */ = {
			isa = PBXGroup;
			children = (
				81C511DF2A84E8C200AB3BBD /* Model */,
				81C511DE2A84DF3200AB3BBD /* View */,
				81C511E02A84E98900AB3BBD /* ViewModel */,
			);
			path = MainScen;
			sourceTree = "<group>";
		};
		81C511DD2A84DF2200AB3BBD /* App */ = {
			isa = PBXGroup;
			children = (
				81C511C82A84DCCA00AB3BBD /* AppDelegate.swift */,
				81C511CA2A84DCCA00AB3BBD /* SceneDelegate.swift */,
			);
			path = App;
			sourceTree = "<group>";
		};
		81C511DE2A84DF3200AB3BBD /* View */ = {
			isa = PBXGroup;
			children = (
				81C511CC2A84DCCA00AB3BBD /* MainViewController.swift */,
				81C511F02A85940B00AB3BBD /* Section */,
				81C511ED2A8517AD00AB3BBD /* Cell */,
			);
			path = View;
			sourceTree = "<group>";
		};
		81C511DF2A84E8C200AB3BBD /* Model */ = {
			isa = PBXGroup;
			children = (
				81C511E32A84FA5200AB3BBD /* PlayersModel.swift */,
			);
			path = Model;
			sourceTree = "<group>";
		};
		81C511E02A84E98900AB3BBD /* ViewModel */ = {
			isa = PBXGroup;
			children = (
				81C511E12A84E9E000AB3BBD /* MainViewModel.swift */,
			);
			path = ViewModel;
			sourceTree = "<group>";
		};
		81C511E52A85075900AB3BBD /* Resources */ = {
			isa = PBXGroup;
			children = (
				81C511E62A85093E00AB3BBD /* PlayersJSON.json */,
			);
			path = Resources;
			sourceTree = "<group>";
		};
		81C511E82A850B7900AB3BBD /* NetworkService */ = {
			isa = PBXGroup;
			children = (
				81C511E92A850B8A00AB3BBD /* NetworkService.swift */,
				81C511EB2A850F7D00AB3BBD /* PlayersModelResponse.swift */,
			);
			path = NetworkService;
			sourceTree = "<group>";
		};
		81C511ED2A8517AD00AB3BBD /* Cell */ = {
			isa = PBXGroup;
			children = (
				81C511EE2A8517BB00AB3BBD /* CellForTable.swift */,
			);
			path = Cell;
			sourceTree = "<group>";
		};
		81C511F02A85940B00AB3BBD /* Section */ = {
			isa = PBXGroup;
			children = (
				81C511F12A85945200AB3BBD /* ViewForSectionTable.swift */,
			);
			path = Section;
			sourceTree = "<group>";
		};
/* End PBXGroup section */

/* Begin PBXNativeTarget section */
		81C511C42A84DCCA00AB3BBD /* Test task from LINGUALEO */ = {
			isa = PBXNativeTarget;
			buildConfigurationList = 81C511D92A84DCCB00AB3BBD /* Build configuration list for PBXNativeTarget "Test task from LINGUALEO" */;
			buildPhases = (
				81C511C12A84DCCA00AB3BBD /* Sources */,
				81C511C22A84DCCA00AB3BBD /* Frameworks */,
				81C511C32A84DCCA00AB3BBD /* Resources */,
			);
			buildRules = (
			);
			dependencies = (
			);
			name = "Test task from LINGUALEO";
			productName = "Test task from LINGUALEO";
			productReference = 81C511C52A84DCCA00AB3BBD /* Test task from LINGUALEO.app */;
			productType = "com.apple.product-type.application";
		};
/* End PBXNativeTarget section */

/* Begin PBXProject section */
		81C511BD2A84DCCA00AB3BBD /* Project object */ = {
			isa = PBXProject;
			attributes = {
				BuildIndependentTargetsInParallel = 1;
				LastSwiftUpdateCheck = 1420;
				LastUpgradeCheck = 1420;
				TargetAttributes = {
					81C511C42A84DCCA00AB3BBD = {
						CreatedOnToolsVersion = 14.2;
					};
				};
			};
			buildConfigurationList = 81C511C02A84DCCA00AB3BBD /* Build configuration list for PBXProject "Test task from LINGUALEO" */;
			compatibilityVersion = "Xcode 14.0";
			developmentRegion = en;
			hasScannedForEncodings = 0;
			knownRegions = (
				en,
				Base,
			);
			mainGroup = 81C511BC2A84DCCA00AB3BBD;
			productRefGroup = 81C511C62A84DCCA00AB3BBD /* Products */;
			projectDirPath = "";
			projectRoot = "";
			targets = (
				81C511C42A84DCCA00AB3BBD /* Test task from LINGUALEO */,
			);
		};
/* End PBXProject section */

/* Begin PBXResourcesBuildPhase section */
		81C511C32A84DCCA00AB3BBD /* Resources */ = {
			isa = PBXResourcesBuildPhase;
			buildActionMask = 2147483647;
			files = (
				81C511D52A84DCCB00AB3BBD /* LaunchScreen.storyboard in Resources */,
				81C511D22A84DCCB00AB3BBD /* Assets.xcassets in Resources */,
				81C511E72A85093E00AB3BBD /* PlayersJSON.json in Resources */,
			);
			runOnlyForDeploymentPostprocessing = 0;
		};
/* End PBXResourcesBuildPhase section */

/* Begin PBXSourcesBuildPhase section */
		81C511C12A84DCCA00AB3BBD /* Sources */ = {
			isa = PBXSourcesBuildPhase;
			buildActionMask = 2147483647;
			files = (
				81C511F22A85945200AB3BBD /* ViewForSectionTable.swift in Sources */,
				81C511EC2A850F7D00AB3BBD /* PlayersModelResponse.swift in Sources */,
				81C511CD2A84DCCA00AB3BBD /* MainViewController.swift in Sources */,
				81C511C92A84DCCA00AB3BBD /* AppDelegate.swift in Sources */,
				81C511E22A84E9E000AB3BBD /* MainViewModel.swift in Sources */,
				81C511EF2A8517BB00AB3BBD /* CellForTable.swift in Sources */,
				81C511CB2A84DCCA00AB3BBD /* SceneDelegate.swift in Sources */,
				81C511EA2A850B8A00AB3BBD /* NetworkService.swift in Sources */,
				81C511E42A84FA5200AB3BBD /* PlayersModel.swift in Sources */,
			);
			runOnlyForDeploymentPostprocessing = 0;
		};
/* End PBXSourcesBuildPhase section */

/* Begin PBXVariantGroup section */
		81C511D32A84DCCB00AB3BBD /* LaunchScreen.storyboard */ = {
			isa = PBXVariantGroup;
			children = (
				81C511D42A84DCCB00AB3BBD /* Base */,
			);
			name = LaunchScreen.storyboard;
			sourceTree = "<group>";
		};
/* End PBXVariantGroup section */

/* Begin XCBuildConfiguration section */
		81C511D72A84DCCB00AB3BBD /* Debug */ = {
			isa = XCBuildConfiguration;
			buildSettings = {
				ALWAYS_SEARCH_USER_PATHS = NO;
				CLANG_ANALYZER_NONNULL = YES;
				CLANG_ANALYZER_NUMBER_OBJECT_CONVERSION = YES_AGGRESSIVE;
				CLANG_CXX_LANGUAGE_STANDARD = "gnu++20";
				CLANG_ENABLE_MODULES = YES;
				CLANG_ENABLE_OBJC_ARC = YES;
				CLANG_ENABLE_OBJC_WEAK = YES;
				CLANG_WARN_BLOCK_CAPTURE_AUTORELEASING = YES;
				CLANG_WARN_BOOL_CONVERSION = YES;
				CLANG_WARN_COMMA = YES;
				CLANG_WARN_CONSTANT_CONVERSION = YES;
				CLANG_WARN_DEPRECATED_OBJC_IMPLEMENTATIONS = YES;
				CLANG_WARN_DIRECT_OBJC_ISA_USAGE = YES_ERROR;
				CLANG_WARN_DOCUMENTATION_COMMENTS = YES;
				CLANG_WARN_EMPTY_BODY = YES;
				CLANG_WARN_ENUM_CONVERSION = YES;
				CLANG_WARN_INFINITE_RECURSION = YES;
				CLANG_WARN_INT_CONVERSION = YES;
				CLANG_WARN_NON_LITERAL_NULL_CONVERSION = YES;
				CLANG_WARN_OBJC_IMPLICIT_RETAIN_SELF = YES;
				CLANG_WARN_OBJC_LITERAL_CONVERSION = YES;
				CLANG_WARN_OBJC_ROOT_CLASS = YES_ERROR;
				CLANG_WARN_QUOTED_INCLUDE_IN_FRAMEWORK_HEADER = YES;
				CLANG_WARN_RANGE_LOOP_ANALYSIS = YES;
				CLANG_WARN_STRICT_PROTOTYPES = YES;
				CLANG_WARN_SUSPICIOUS_MOVE = YES;
				CLANG_WARN_UNGUARDED_AVAILABILITY = YES_AGGRESSIVE;
				CLANG_WARN_UNREACHABLE_CODE = YES;
				CLANG_WARN__DUPLICATE_METHOD_MATCH = YES;
				COPY_PHASE_STRIP = NO;
				DEBUG_INFORMATION_FORMAT = dwarf;
				ENABLE_STRICT_OBJC_MSGSEND = YES;
				ENABLE_TESTABILITY = YES;
				GCC_C_LANGUAGE_STANDARD = gnu11;
				GCC_DYNAMIC_NO_PIC = NO;
				GCC_NO_COMMON_BLOCKS = YES;
				GCC_OPTIMIZATION_LEVEL = 0;
				GCC_PREPROCESSOR_DEFINITIONS = (
					"DEBUG=1",
					"$(inherited)",
				);
				GCC_WARN_64_TO_32_BIT_CONVERSION = YES;
				GCC_WARN_ABOUT_RETURN_TYPE = YES_ERROR;
				GCC_WARN_UNDECLARED_SELECTOR = YES;
				GCC_WARN_UNINITIALIZED_AUTOS = YES_AGGRESSIVE;
				GCC_WARN_UNUSED_FUNCTION = YES;
				GCC_WARN_UNUSED_VARIABLE = YES;
				IPHONEOS_DEPLOYMENT_TARGET = 16.2;
				MTL_ENABLE_DEBUG_INFO = INCLUDE_SOURCE;
				MTL_FAST_MATH = YES;
				ONLY_ACTIVE_ARCH = YES;
				SDKROOT = iphoneos;
				SWIFT_ACTIVE_COMPILATION_CONDITIONS = DEBUG;
				SWIFT_OPTIMIZATION_LEVEL = "-Onone";
			};
			name = Debug;
		};
		81C511D82A84DCCB00AB3BBD /* Release */ = {
			isa = XCBuildConfiguration;
			buildSettings = {
				ALWAYS_SEARCH_USER_PATHS = NO;
				CLANG_ANALYZER_NONNULL = YES;
				CLANG_ANALYZER_NUMBER_OBJECT_CONVERSION = YES_AGGRESSIVE;
				CLANG_CXX_LANGUAGE_STANDARD = "gnu++20";
				CLANG_ENABLE_MODULES = YES;
				CLANG_ENABLE_OBJC_ARC = YES;
				CLANG_ENABLE_OBJC_WEAK = YES;
				CLANG_WARN_BLOCK_CAPTURE_AUTORELEASING = YES;
				CLANG_WARN_BOOL_CONVERSION = YES;
				CLANG_WARN_COMMA = YES;
				CLANG_WARN_CONSTANT_CONVERSION = YES;
				CLANG_WARN_DEPRECATED_OBJC_IMPLEMENTATIONS = YES;
				CLANG_WARN_DIRECT_OBJC_ISA_USAGE = YES_ERROR;
				CLANG_WARN_DOCUMENTATION_COMMENTS = YES;
				CLANG_WARN_EMPTY_BODY = YES;
				CLANG_WARN_ENUM_CONVERSION = YES;
				CLANG_WARN_INFINITE_RECURSION = YES;
				CLANG_WARN_INT_CONVERSION = YES;
				CLANG_WARN_NON_LITERAL_NULL_CONVERSION = YES;
				CLANG_WARN_OBJC_IMPLICIT_RETAIN_SELF = YES;
				CLANG_WARN_OBJC_LITERAL_CONVERSION = YES;
				CLANG_WARN_OBJC_ROOT_CLASS = YES_ERROR;
				CLANG_WARN_QUOTED_INCLUDE_IN_FRAMEWORK_HEADER = YES;
				CLANG_WARN_RANGE_LOOP_ANALYSIS = YES;
				CLANG_WARN_STRICT_PROTOTYPES = YES;
				CLANG_WARN_SUSPICIOUS_MOVE = YES;
				CLANG_WARN_UNGUARDED_AVAILABILITY = YES_AGGRESSIVE;
				CLANG_WARN_UNREACHABLE_CODE = YES;
				CLANG_WARN__DUPLICATE_METHOD_MATCH = YES;
				COPY_PHASE_STRIP = NO;
				DEBUG_INFORMATION_FORMAT = "dwarf-with-dsym";
				ENABLE_NS_ASSERTIONS = NO;
				ENABLE_STRICT_OBJC_MSGSEND = YES;
				GCC_C_LANGUAGE_STANDARD = gnu11;
				GCC_NO_COMMON_BLOCKS = YES;
				GCC_WARN_64_TO_32_BIT_CONVERSION = YES;
				GCC_WARN_ABOUT_RETURN_TYPE = YES_ERROR;
				GCC_WARN_UNDECLARED_SELECTOR = YES;
				GCC_WARN_UNINITIALIZED_AUTOS = YES_AGGRESSIVE;
				GCC_WARN_UNUSED_FUNCTION = YES;
				GCC_WARN_UNUSED_VARIABLE = YES;
				IPHONEOS_DEPLOYMENT_TARGET = 16.2;
				MTL_ENABLE_DEBUG_INFO = NO;
				MTL_FAST_MATH = YES;
				SDKROOT = iphoneos;
				SWIFT_COMPILATION_MODE = wholemodule;
				SWIFT_OPTIMIZATION_LEVEL = "-O";
				VALIDATE_PRODUCT = YES;
			};
			name = Release;
		};
		81C511DA2A84DCCB00AB3BBD /* Debug */ = {
			isa = XCBuildConfiguration;
			buildSettings = {
				ASSETCATALOG_COMPILER_APPICON_NAME = AppIcon;
				ASSETCATALOG_COMPILER_GLOBAL_ACCENT_COLOR_NAME = AccentColor;
				CODE_SIGN_STYLE = Automatic;
				CURRENT_PROJECT_VERSION = 1;
				DEVELOPMENT_TEAM = NDWW33V3F9;
				GENERATE_INFOPLIST_FILE = YES;
				INFOPLIST_FILE = "Test task from LINGUALEO/Info.plist";
				INFOPLIST_KEY_UIApplicationSupportsIndirectInputEvents = YES;
				INFOPLIST_KEY_UILaunchStoryboardName = LaunchScreen;
				INFOPLIST_KEY_UISupportedInterfaceOrientations = UIInterfaceOrientationPortrait;
				LD_RUNPATH_SEARCH_PATHS = (
					"$(inherited)",
					"@executable_path/Frameworks",
				);
				MARKETING_VERSION = 1.0;
				PRODUCT_BUNDLE_IDENTIFIER = "Tyshkan4ik.Test-task-from-LINGUALEO";
				PRODUCT_NAME = "$(TARGET_NAME)";
				SWIFT_EMIT_LOC_STRINGS = YES;
				SWIFT_VERSION = 5.0;
				TARGETED_DEVICE_FAMILY = "1,2";
			};
			name = Debug;
		};
		81C511DB2A84DCCB00AB3BBD /* Release */ = {
			isa = XCBuildConfiguration;
			buildSettings = {
				ASSETCATALOG_COMPILER_APPICON_NAME = AppIcon;
				ASSETCATALOG_COMPILER_GLOBAL_ACCENT_COLOR_NAME = AccentColor;
				CODE_SIGN_STYLE = Automatic;
				CURRENT_PROJECT_VERSION = 1;
				DEVELOPMENT_TEAM = NDWW33V3F9;
				GENERATE_INFOPLIST_FILE = YES;
				INFOPLIST_FILE = "Test task from LINGUALEO/Info.plist";
				INFOPLIST_KEY_UIApplicationSupportsIndirectInputEvents = YES;
				INFOPLIST_KEY_UILaunchStoryboardName = LaunchScreen;
				INFOPLIST_KEY_UISupportedInterfaceOrientations = UIInterfaceOrientationPortrait;
				LD_RUNPATH_SEARCH_PATHS = (
					"$(inherited)",
					"@executable_path/Frameworks",
				);
				MARKETING_VERSION = 1.0;
				PRODUCT_BUNDLE_IDENTIFIER = "Tyshkan4ik.Test-task-from-LINGUALEO";
				PRODUCT_NAME = "$(TARGET_NAME)";
				SWIFT_EMIT_LOC_STRINGS = YES;
				SWIFT_VERSION = 5.0;
				TARGETED_DEVICE_FAMILY = "1,2";
			};
			name = Release;
		};
/* End XCBuildConfiguration section */

/* Begin XCConfigurationList section */
		81C511C02A84DCCA00AB3BBD /* Build configuration list for PBXProject "Test task from LINGUALEO" */ = {
			isa = XCConfigurationList;
			buildConfigurations = (
				81C511D72A84DCCB00AB3BBD /* Debug */,
				81C511D82A84DCCB00AB3BBD /* Release */,
			);
			defaultConfigurationIsVisible = 0;
			defaultConfigurationName = Release;
		};
		81C511D92A84DCCB00AB3BBD /* Build configuration list for PBXNativeTarget "Test task from LINGUALEO" */ = {
			isa = XCConfigurationList;
			buildConfigurations = (
				81C511DA2A84DCCB00AB3BBD /* Debug */,
				81C511DB2A84DCCB00AB3BBD /* Release */,
			);
			defaultConfigurationIsVisible = 0;
			defaultConfigurationName = Release;
		};
/* End XCConfigurationList section */
	};
	rootObject = 81C511BD2A84DCCA00AB3BBD /* Project object */;
}
